// !$*UTF8*$!
{
	archiveVersion = 1;
	classes = {
	};
	objectVersion = 56;
	objects = {

/* Begin PBXBuildFile section */
		D02EAD062C21B74F00406EE3 /* JTNetwork.framework in Frameworks */ = {isa = PBXBuildFile; fileRef = D02EACFD2C21B74F00406EE3 /* JTNetwork.framework */; };
		D02EAD0B2C21B74F00406EE3 /* JTNetworkTests.swift in Sources */ = {isa = PBXBuildFile; fileRef = D02EAD0A2C21B74F00406EE3 /* JTNetworkTests.swift */; };
		D02EAD0C2C21B74F00406EE3 /* JTNetwork.h in Headers */ = {isa = PBXBuildFile; fileRef = D02EAD002C21B74F00406EE3 /* JTNetwork.h */; settings = {ATTRIBUTES = (Public, ); }; };
		D02EAD162C21B7BC00406EE3 /* HTTPClient.swift in Sources */ = {isa = PBXBuildFile; fileRef = D02EAD152C21B7BC00406EE3 /* HTTPClient.swift */; };
		D02EAD182C21B8A400406EE3 /* RequestType.swift in Sources */ = {isa = PBXBuildFile; fileRef = D02EAD172C21B8A400406EE3 /* RequestType.swift */; };
		D02EAD1A2C21BD1700406EE3 /* URLSessionHTTPClient.swift in Sources */ = {isa = PBXBuildFile; fileRef = D02EAD192C21BD1700406EE3 /* URLSessionHTTPClient.swift */; };
		D02EAD1C2C21C39E00406EE3 /* HTTPClientEndToEndTest.swift in Sources */ = {isa = PBXBuildFile; fileRef = D02EAD1B2C21C39E00406EE3 /* HTTPClientEndToEndTest.swift */; };
		D02EAD372C245A1C00406EE3 /* URLSessionHTTPClientTest.swift in Sources */ = {isa = PBXBuildFile; fileRef = D02EAD362C245A1C00406EE3 /* URLSessionHTTPClientTest.swift */; };
/* End PBXBuildFile section */

/* Begin PBXContainerItemProxy section */
		D02EAD072C21B74F00406EE3 /* PBXContainerItemProxy */ = {
			isa = PBXContainerItemProxy;
			containerPortal = D02EACF42C21B74F00406EE3 /* Project object */;
			proxyType = 1;
			remoteGlobalIDString = D02EACFC2C21B74F00406EE3;
			remoteInfo = JTNetwork;
		};
/* End PBXContainerItemProxy section */

/* Begin PBXFileReference section */
		D02EACFD2C21B74F00406EE3 /* JTNetwork.framework */ = {isa = PBXFileReference; explicitFileType = wrapper.framework; includeInIndex = 0; path = JTNetwork.framework; sourceTree = BUILT_PRODUCTS_DIR; };
		D02EAD002C21B74F00406EE3 /* JTNetwork.h */ = {isa = PBXFileReference; lastKnownFileType = sourcecode.c.h; path = JTNetwork.h; sourceTree = "<group>"; };
		D02EAD052C21B74F00406EE3 /* JTNetworkTests.xctest */ = {isa = PBXFileReference; explicitFileType = wrapper.cfbundle; includeInIndex = 0; path = JTNetworkTests.xctest; sourceTree = BUILT_PRODUCTS_DIR; };
		D02EAD0A2C21B74F00406EE3 /* JTNetworkTests.swift */ = {isa = PBXFileReference; lastKnownFileType = sourcecode.swift; path = JTNetworkTests.swift; sourceTree = "<group>"; };
		D02EAD152C21B7BC00406EE3 /* HTTPClient.swift */ = {isa = PBXFileReference; lastKnownFileType = sourcecode.swift; path = HTTPClient.swift; sourceTree = "<group>"; };
		D02EAD172C21B8A400406EE3 /* RequestType.swift */ = {isa = PBXFileReference; lastKnownFileType = sourcecode.swift; path = RequestType.swift; sourceTree = "<group>"; };
		D02EAD192C21BD1700406EE3 /* URLSessionHTTPClient.swift */ = {isa = PBXFileReference; lastKnownFileType = sourcecode.swift; path = URLSessionHTTPClient.swift; sourceTree = "<group>"; };
		D02EAD1B2C21C39E00406EE3 /* HTTPClientEndToEndTest.swift */ = {isa = PBXFileReference; lastKnownFileType = sourcecode.swift; path = HTTPClientEndToEndTest.swift; sourceTree = "<group>"; };
		D02EAD362C245A1C00406EE3 /* URLSessionHTTPClientTest.swift */ = {isa = PBXFileReference; lastKnownFileType = sourcecode.swift; path = URLSessionHTTPClientTest.swift; sourceTree = "<group>"; };
/* End PBXFileReference section */

/* Begin PBXFrameworksBuildPhase section */
		D02EACFA2C21B74F00406EE3 /* Frameworks */ = {
			isa = PBXFrameworksBuildPhase;
			buildActionMask = 2147483647;
			files = (
			);
			runOnlyForDeploymentPostprocessing = 0;
		};
		D02EAD022C21B74F00406EE3 /* Frameworks */ = {
			isa = PBXFrameworksBuildPhase;
			buildActionMask = 2147483647;
			files = (
				D02EAD062C21B74F00406EE3 /* JTNetwork.framework in Frameworks */,
			);
			runOnlyForDeploymentPostprocessing = 0;
		};
/* End PBXFrameworksBuildPhase section */

/* Begin PBXGroup section */
		D02EACF32C21B74F00406EE3 = {
			isa = PBXGroup;
			children = (
				D02EACFF2C21B74F00406EE3 /* JTNetwork */,
				D02EAD092C21B74F00406EE3 /* JTNetworkTests */,
				D02EACFE2C21B74F00406EE3 /* Products */,
			);
			sourceTree = "<group>";
		};
		D02EACFE2C21B74F00406EE3 /* Products */ = {
			isa = PBXGroup;
			children = (
				D02EACFD2C21B74F00406EE3 /* JTNetwork.framework */,
				D02EAD052C21B74F00406EE3 /* JTNetworkTests.xctest */,
			);
			name = Products;
			sourceTree = "<group>";
		};
		D02EACFF2C21B74F00406EE3 /* JTNetwork */ = {
			isa = PBXGroup;
			children = (
				D02EAD002C21B74F00406EE3 /* JTNetwork.h */,
				D02EAD152C21B7BC00406EE3 /* HTTPClient.swift */,
				D02EAD172C21B8A400406EE3 /* RequestType.swift */,
				D02EAD192C21BD1700406EE3 /* URLSessionHTTPClient.swift */,
			);
			path = JTNetwork;
			sourceTree = "<group>";
		};
		D02EAD092C21B74F00406EE3 /* JTNetworkTests */ = {
			isa = PBXGroup;
			children = (
				D02EAD0A2C21B74F00406EE3 /* JTNetworkTests.swift */,
				D02EAD1B2C21C39E00406EE3 /* HTTPClientEndToEndTest.swift */,
				D02EAD362C245A1C00406EE3 /* URLSessionHTTPClientTest.swift */,
			);
			path = JTNetworkTests;
			sourceTree = "<group>";
		};
/* End PBXGroup section */

/* Begin PBXHeadersBuildPhase section */
		D02EACF82C21B74F00406EE3 /* Headers */ = {
			isa = PBXHeadersBuildPhase;
			buildActionMask = 2147483647;
			files = (
				D02EAD0C2C21B74F00406EE3 /* JTNetwork.h in Headers */,
			);
			runOnlyForDeploymentPostprocessing = 0;
		};
/* End PBXHeadersBuildPhase section */

/* Begin PBXNativeTarget section */
		D02EACFC2C21B74F00406EE3 /* JTNetwork */ = {
			isa = PBXNativeTarget;
			buildConfigurationList = D02EAD0F2C21B74F00406EE3 /* Build configuration list for PBXNativeTarget "JTNetwork" */;
			buildPhases = (
				D02EACF82C21B74F00406EE3 /* Headers */,
				D02EACF92C21B74F00406EE3 /* Sources */,
				D02EACFA2C21B74F00406EE3 /* Frameworks */,
				D02EACFB2C21B74F00406EE3 /* Resources */,
			);
			buildRules = (
			);
			dependencies = (
			);
			name = JTNetwork;
			productName = JTNetwork;
			productReference = D02EACFD2C21B74F00406EE3 /* JTNetwork.framework */;
			productType = "com.apple.product-type.framework";
		};
		D02EAD042C21B74F00406EE3 /* JTNetworkTests */ = {
			isa = PBXNativeTarget;
			buildConfigurationList = D02EAD122C21B74F00406EE3 /* Build configuration list for PBXNativeTarget "JTNetworkTests" */;
			buildPhases = (
				D02EAD012C21B74F00406EE3 /* Sources */,
				D02EAD022C21B74F00406EE3 /* Frameworks */,
				D02EAD032C21B74F00406EE3 /* Resources */,
			);
			buildRules = (
			);
			dependencies = (
				D02EAD082C21B74F00406EE3 /* PBXTargetDependency */,
			);
			name = JTNetworkTests;
			productName = JTNetworkTests;
			productReference = D02EAD052C21B74F00406EE3 /* JTNetworkTests.xctest */;
			productType = "com.apple.product-type.bundle.unit-test";
		};
/* End PBXNativeTarget section */

/* Begin PBXProject section */
		D02EACF42C21B74F00406EE3 /* Project object */ = {
			isa = PBXProject;
			attributes = {
				BuildIndependentTargetsInParallel = 1;
				LastSwiftUpdateCheck = 1520;
				LastUpgradeCheck = 1520;
				TargetAttributes = {
					D02EACFC2C21B74F00406EE3 = {
						CreatedOnToolsVersion = 15.2;
						LastSwiftMigration = 1520;
					};
					D02EAD042C21B74F00406EE3 = {
						CreatedOnToolsVersion = 15.2;
					};
				};
			};
			buildConfigurationList = D02EACF72C21B74F00406EE3 /* Build configuration list for PBXProject "JTNetwork" */;
			compatibilityVersion = "Xcode 14.0";
			developmentRegion = en;
			hasScannedForEncodings = 0;
			knownRegions = (
				en,
				Base,
			);
			mainGroup = D02EACF32C21B74F00406EE3;
			productRefGroup = D02EACFE2C21B74F00406EE3 /* Products */;
			projectDirPath = "";
			projectRoot = "";
			targets = (
				D02EACFC2C21B74F00406EE3 /* JTNetwork */,
				D02EAD042C21B74F00406EE3 /* JTNetworkTests */,
			);
		};
/* End PBXProject section */

/* Begin PBXResourcesBuildPhase section */
		D02EACFB2C21B74F00406EE3 /* Resources */ = {
			isa = PBXResourcesBuildPhase;
			buildActionMask = 2147483647;
			files = (
			);
			runOnlyForDeploymentPostprocessing = 0;
		};
		D02EAD032C21B74F00406EE3 /* Resources */ = {
			isa = PBXResourcesBuildPhase;
			buildActionMask = 2147483647;
			files = (
			);
			runOnlyForDeploymentPostprocessing = 0;
		};
/* End PBXResourcesBuildPhase section */

/* Begin PBXSourcesBuildPhase section */
		D02EACF92C21B74F00406EE3 /* Sources */ = {
			isa = PBXSourcesBuildPhase;
			buildActionMask = 2147483647;
			files = (
				D02EAD162C21B7BC00406EE3 /* HTTPClient.swift in Sources */,
				D02EAD182C21B8A400406EE3 /* RequestType.swift in Sources */,
				D02EAD1A2C21BD1700406EE3 /* URLSessionHTTPClient.swift in Sources */,
			);
			runOnlyForDeploymentPostprocessing = 0;
		};
		D02EAD012C21B74F00406EE3 /* Sources */ = {
			isa = PBXSourcesBuildPhase;
			buildActionMask = 2147483647;
			files = (
				D02EAD0B2C21B74F00406EE3 /* JTNetworkTests.swift in Sources */,
				D02EAD1C2C21C39E00406EE3 /* HTTPClientEndToEndTest.swift in Sources */,
				D02EAD372C245A1C00406EE3 /* URLSessionHTTPClientTest.swift in Sources */,
			);
			runOnlyForDeploymentPostprocessing = 0;
		};
/* End PBXSourcesBuildPhase section */

/* Begin PBXTargetDependency section */
		D02EAD082C21B74F00406EE3 /* PBXTargetDependency */ = {
			isa = PBXTargetDependency;
			target = D02EACFC2C21B74F00406EE3 /* JTNetwork */;
			targetProxy = D02EAD072C21B74F00406EE3 /* PBXContainerItemProxy */;
		};
/* End PBXTargetDependency section */

/* Begin XCBuildConfiguration section */
		D02EAD0D2C21B74F00406EE3 /* Debug */ = {
			isa = XCBuildConfiguration;
			buildSettings = {
				ALWAYS_SEARCH_USER_PATHS = NO;
				ASSETCATALOG_COMPILER_GENERATE_SWIFT_ASSET_SYMBOL_EXTENSIONS = YES;
				CLANG_ANALYZER_NONNULL = YES;
				CLANG_ANALYZER_NUMBER_OBJECT_CONVERSION = YES_AGGRESSIVE;
				CLANG_CXX_LANGUAGE_STANDARD = "gnu++20";
				CLANG_ENABLE_MODULES = YES;
				CLANG_ENABLE_OBJC_ARC = YES;
				CLANG_ENABLE_OBJC_WEAK = YES;
				CLANG_WARN_BLOCK_CAPTURE_AUTORELEASING = YES;
				CLANG_WARN_BOOL_CONVERSION = YES;
				CLANG_WARN_COMMA = YES;
				CLANG_WARN_CONSTANT_CONVERSION = YES;
				CLANG_WARN_DEPRECATED_OBJC_IMPLEMENTATIONS = YES;
				CLANG_WARN_DIRECT_OBJC_ISA_USAGE = YES_ERROR;
				CLANG_WARN_DOCUMENTATION_COMMENTS = YES;
				CLANG_WARN_EMPTY_BODY = YES;
				CLANG_WARN_ENUM_CONVERSION = YES;
				CLANG_WARN_INFINITE_RECURSION = YES;
				CLANG_WARN_INT_CONVERSION = YES;
				CLANG_WARN_NON_LITERAL_NULL_CONVERSION = YES;
				CLANG_WARN_OBJC_IMPLICIT_RETAIN_SELF = YES;
				CLANG_WARN_OBJC_LITERAL_CONVERSION = YES;
				CLANG_WARN_OBJC_ROOT_CLASS = YES_ERROR;
				CLANG_WARN_QUOTED_INCLUDE_IN_FRAMEWORK_HEADER = YES;
				CLANG_WARN_RANGE_LOOP_ANALYSIS = YES;
				CLANG_WARN_STRICT_PROTOTYPES = YES;
				CLANG_WARN_SUSPICIOUS_MOVE = YES;
				CLANG_WARN_UNGUARDED_AVAILABILITY = YES_AGGRESSIVE;
				CLANG_WARN_UNREACHABLE_CODE = YES;
				CLANG_WARN__DUPLICATE_METHOD_MATCH = YES;
				COPY_PHASE_STRIP = NO;
				CURRENT_PROJECT_VERSION = 1;
				DEBUG_INFORMATION_FORMAT = dwarf;
				ENABLE_STRICT_OBJC_MSGSEND = YES;
				ENABLE_TESTABILITY = YES;
				ENABLE_USER_SCRIPT_SANDBOXING = YES;
				GCC_C_LANGUAGE_STANDARD = gnu17;
				GCC_DYNAMIC_NO_PIC = NO;
				GCC_NO_COMMON_BLOCKS = YES;
				GCC_OPTIMIZATION_LEVEL = 0;
				GCC_PREPROCESSOR_DEFINITIONS = (
					"DEBUG=1",
					"$(inherited)",
				);
				GCC_WARN_64_TO_32_BIT_CONVERSION = YES;
				GCC_WARN_ABOUT_RETURN_TYPE = YES_ERROR;
				GCC_WARN_UNDECLARED_SELECTOR = YES;
				GCC_WARN_UNINITIALIZED_AUTOS = YES_AGGRESSIVE;
				GCC_WARN_UNUSED_FUNCTION = YES;
				GCC_WARN_UNUSED_VARIABLE = YES;
				IPHONEOS_DEPLOYMENT_TARGET = 17.2;
				LOCALIZATION_PREFERS_STRING_CATALOGS = YES;
				MTL_ENABLE_DEBUG_INFO = INCLUDE_SOURCE;
				MTL_FAST_MATH = YES;
				ONLY_ACTIVE_ARCH = YES;
				SDKROOT = iphoneos;
				SWIFT_ACTIVE_COMPILATION_CONDITIONS = "DEBUG $(inherited)";
				SWIFT_OPTIMIZATION_LEVEL = "-Onone";
				VERSIONING_SYSTEM = "apple-generic";
				VERSION_INFO_PREFIX = "";
			};
			name = Debug;
		};
		D02EAD0E2C21B74F00406EE3 /* Release */ = {
			isa = XCBuildConfiguration;
			buildSettings = {
				ALWAYS_SEARCH_USER_PATHS = NO;
				ASSETCATALOG_COMPILER_GENERATE_SWIFT_ASSET_SYMBOL_EXTENSIONS = YES;
				CLANG_ANALYZER_NONNULL = YES;
				CLANG_ANALYZER_NUMBER_OBJECT_CONVERSION = YES_AGGRESSIVE;
				CLANG_CXX_LANGUAGE_STANDARD = "gnu++20";
				CLANG_ENABLE_MODULES = YES;
				CLANG_ENABLE_OBJC_ARC = YES;
				CLANG_ENABLE_OBJC_WEAK = YES;
				CLANG_WARN_BLOCK_CAPTURE_AUTORELEASING = YES;
				CLANG_WARN_BOOL_CONVERSION = YES;
				CLANG_WARN_COMMA = YES;
				CLANG_WARN_CONSTANT_CONVERSION = YES;
				CLANG_WARN_DEPRECATED_OBJC_IMPLEMENTATIONS = YES;
				CLANG_WARN_DIRECT_OBJC_ISA_USAGE = YES_ERROR;
				CLANG_WARN_DOCUMENTATION_COMMENTS = YES;
				CLANG_WARN_EMPTY_BODY = YES;
				CLANG_WARN_ENUM_CONVERSION = YES;
				CLANG_WARN_INFINITE_RECURSION = YES;
				CLANG_WARN_INT_CONVERSION = YES;
				CLANG_WARN_NON_LITERAL_NULL_CONVERSION = YES;
				CLANG_WARN_OBJC_IMPLICIT_RETAIN_SELF = YES;
				CLANG_WARN_OBJC_LITERAL_CONVERSION = YES;
				CLANG_WARN_OBJC_ROOT_CLASS = YES_ERROR;
				CLANG_WARN_QUOTED_INCLUDE_IN_FRAMEWORK_HEADER = YES;
				CLANG_WARN_RANGE_LOOP_ANALYSIS = YES;
				CLANG_WARN_STRICT_PROTOTYPES = YES;
				CLANG_WARN_SUSPICIOUS_MOVE = YES;
				CLANG_WARN_UNGUARDED_AVAILABILITY = YES_AGGRESSIVE;
				CLANG_WARN_UNREACHABLE_CODE = YES;
				CLANG_WARN__DUPLICATE_METHOD_MATCH = YES;
				COPY_PHASE_STRIP = NO;
				CURRENT_PROJECT_VERSION = 1;
				DEBUG_INFORMATION_FORMAT = "dwarf-with-dsym";
				ENABLE_NS_ASSERTIONS = NO;
				ENABLE_STRICT_OBJC_MSGSEND = YES;
				ENABLE_USER_SCRIPT_SANDBOXING = YES;
				GCC_C_LANGUAGE_STANDARD = gnu17;
				GCC_NO_COMMON_BLOCKS = YES;
				GCC_WARN_64_TO_32_BIT_CONVERSION = YES;
				GCC_WARN_ABOUT_RETURN_TYPE = YES_ERROR;
				GCC_WARN_UNDECLARED_SELECTOR = YES;
				GCC_WARN_UNINITIALIZED_AUTOS = YES_AGGRESSIVE;
				GCC_WARN_UNUSED_FUNCTION = YES;
				GCC_WARN_UNUSED_VARIABLE = YES;
				IPHONEOS_DEPLOYMENT_TARGET = 17.2;
				LOCALIZATION_PREFERS_STRING_CATALOGS = YES;
				MTL_ENABLE_DEBUG_INFO = NO;
				MTL_FAST_MATH = YES;
				SDKROOT = iphoneos;
				SWIFT_COMPILATION_MODE = wholemodule;
				VALIDATE_PRODUCT = YES;
				VERSIONING_SYSTEM = "apple-generic";
				VERSION_INFO_PREFIX = "";
			};
			name = Release;
		};
		D02EAD102C21B74F00406EE3 /* Debug */ = {
			isa = XCBuildConfiguration;
			buildSettings = {
				CLANG_ENABLE_MODULES = YES;
				CODE_SIGN_STYLE = Automatic;
				CURRENT_PROJECT_VERSION = 1;
				DEFINES_MODULE = YES;
				DEVELOPMENT_TEAM = 65QQ97XV3Q;
				DYLIB_COMPATIBILITY_VERSION = 1;
				DYLIB_CURRENT_VERSION = 1;
				DYLIB_INSTALL_NAME_BASE = "@rpath";
				ENABLE_MODULE_VERIFIER = YES;
				GENERATE_INFOPLIST_FILE = YES;
				INFOPLIST_KEY_NSHumanReadableCopyright = "";
				INSTALL_PATH = "$(LOCAL_LIBRARY_DIR)/Frameworks";
				IPHONEOS_DEPLOYMENT_TARGET = 17.2;
				"IPHONEOS_DEPLOYMENT_TARGET[sdk=macosx*]" = 14.1;
				LD_RUNPATH_SEARCH_PATHS = (
					"$(inherited)",
					"@executable_path/Frameworks",
					"@loader_path/Frameworks",
				);
				MACOSX_DEPLOYMENT_TARGET = 14.1;
				MARKETING_VERSION = 1.0;
				MODULE_VERIFIER_SUPPORTED_LANGUAGES = "objective-c objective-c++";
				MODULE_VERIFIER_SUPPORTED_LANGUAGE_STANDARDS = "gnu17 gnu++20";
				PRODUCT_BUNDLE_IDENTIFIER = com.judy.JTNetwork;
				PRODUCT_NAME = "$(TARGET_NAME:c99extidentifier)";
				SKIP_INSTALL = YES;
				SUPPORTED_PLATFORMS = "iphoneos iphonesimulator macosx";
				SUPPORTS_MACCATALYST = YES;
				SWIFT_EMIT_LOC_STRINGS = YES;
				SWIFT_OPTIMIZATION_LEVEL = "-Onone";
				SWIFT_VERSION = 5.0;
				TARGETED_DEVICE_FAMILY = "1,2";
			};
			name = Debug;
		};
		D02EAD112C21B74F00406EE3 /* Release */ = {
			isa = XCBuildConfiguration;
			buildSettings = {
				CLANG_ENABLE_MODULES = YES;
				CODE_SIGN_STYLE = Automatic;
				CURRENT_PROJECT_VERSION = 1;
				DEFINES_MODULE = YES;
				DEVELOPMENT_TEAM = 65QQ97XV3Q;
				DYLIB_COMPATIBILITY_VERSION = 1;
				DYLIB_CURRENT_VERSION = 1;
				DYLIB_INSTALL_NAME_BASE = "@rpath";
				ENABLE_MODULE_VERIFIER = YES;
				GENERATE_INFOPLIST_FILE = YES;
				INFOPLIST_KEY_NSHumanReadableCopyright = "";
				INSTALL_PATH = "$(LOCAL_LIBRARY_DIR)/Frameworks";
				IPHONEOS_DEPLOYMENT_TARGET = 17.2;
				LD_RUNPATH_SEARCH_PATHS = (
					"$(inherited)",
					"@executable_path/Frameworks",
					"@loader_path/Frameworks",
				);
				MACOSX_DEPLOYMENT_TARGET = 14.1;
				MARKETING_VERSION = 1.0;
				MODULE_VERIFIER_SUPPORTED_LANGUAGES = "objective-c objective-c++";
				MODULE_VERIFIER_SUPPORTED_LANGUAGE_STANDARDS = "gnu17 gnu++20";
				PRODUCT_BUNDLE_IDENTIFIER = com.judy.JTNetwork;
				PRODUCT_NAME = "$(TARGET_NAME:c99extidentifier)";
				SKIP_INSTALL = YES;
				SUPPORTED_PLATFORMS = "iphoneos iphonesimulator macosx";
				SUPPORTS_MACCATALYST = YES;
				SWIFT_EMIT_LOC_STRINGS = YES;
				SWIFT_VERSION = 5.0;
				TARGETED_DEVICE_FAMILY = "1,2";
			};
			name = Release;
		};
		D02EAD132C21B74F00406EE3 /* Debug */ = {
			isa = XCBuildConfiguration;
			buildSettings = {
				ALWAYS_EMBED_SWIFT_STANDARD_LIBRARIES = YES;
				CODE_SIGN_STYLE = Automatic;
				CURRENT_PROJECT_VERSION = 1;
				DEVELOPMENT_TEAM = 65QQ97XV3Q;
				GENERATE_INFOPLIST_FILE = YES;
				IPHONEOS_DEPLOYMENT_TARGET = 17.2;
				"IPHONEOS_DEPLOYMENT_TARGET[sdk=macosx*]" = 14.1;
				MACOSX_DEPLOYMENT_TARGET = 14.1;
				MARKETING_VERSION = 1.0;
				PRODUCT_BUNDLE_IDENTIFIER = com.judy.JTNetworkTests;
				PRODUCT_NAME = "$(TARGET_NAME)";
				SUPPORTED_PLATFORMS = "iphoneos iphonesimulator macosx";
				SUPPORTS_MACCATALYST = YES;
				SWIFT_EMIT_LOC_STRINGS = NO;
				SWIFT_VERSION = 5.0;
				TARGETED_DEVICE_FAMILY = "1,2";
			};
			name = Debug;
		};
		D02EAD142C21B74F00406EE3 /* Release */ = {
			isa = XCBuildConfiguration;
			buildSettings = {
				ALWAYS_EMBED_SWIFT_STANDARD_LIBRARIES = YES;
				CODE_SIGN_STYLE = Automatic;
				CURRENT_PROJECT_VERSION = 1;
				DEVELOPMENT_TEAM = 65QQ97XV3Q;
				GENERATE_INFOPLIST_FILE = YES;
				IPHONEOS_DEPLOYMENT_TARGET = 17.2;
				MACOSX_DEPLOYMENT_TARGET = 14.1;
				MARKETING_VERSION = 1.0;
				PRODUCT_BUNDLE_IDENTIFIER = com.judy.JTNetworkTests;
				PRODUCT_NAME = "$(TARGET_NAME)";
				SUPPORTED_PLATFORMS = "iphoneos iphonesimulator macosx";
				SUPPORTS_MACCATALYST = YES;
				SWIFT_EMIT_LOC_STRINGS = NO;
				SWIFT_VERSION = 5.0;
				TARGETED_DEVICE_FAMILY = "1,2";
			};
			name = Release;
		};
/* End XCBuildConfiguration section */

/* Begin XCConfigurationList section */
		D02EACF72C21B74F00406EE3 /* Build configuration list for PBXProject "JTNetwork" */ = {
			isa = XCConfigurationList;
			buildConfigurations = (
				D02EAD0D2C21B74F00406EE3 /* Debug */,
				D02EAD0E2C21B74F00406EE3 /* Release */,
			);
			defaultConfigurationIsVisible = 0;
			defaultConfigurationName = Release;
		};
		D02EAD0F2C21B74F00406EE3 /* Build configuration list for PBXNativeTarget "JTNetwork" */ = {
			isa = XCConfigurationList;
			buildConfigurations = (
				D02EAD102C21B74F00406EE3 /* Debug */,
				D02EAD112C21B74F00406EE3 /* Release */,
			);
			defaultConfigurationIsVisible = 0;
			defaultConfigurationName = Release;
		};
		D02EAD122C21B74F00406EE3 /* Build configuration list for PBXNativeTarget "JTNetworkTests" */ = {
			isa = XCConfigurationList;
			buildConfigurations = (
				D02EAD132C21B74F00406EE3 /* Debug */,
				D02EAD142C21B74F00406EE3 /* Release */,
			);
			defaultConfigurationIsVisible = 0;
			defaultConfigurationName = Release;
		};
/* End XCConfigurationList section */
	};
	rootObject = D02EACF42C21B74F00406EE3 /* Project object */;
}
